schema: '2.0'
stages:
  split_data:
    cmd: python src/stage_02_split_data.py --config=config/config.yaml --params=params.yaml
    deps:
    - path: artifacts/raw_local_dir/data.csv
      md5: 7d814a1bda02145efe703f4e1c01847a
      size: 93599
    - path: config/config.yaml
      md5: 9ca276d743ff95f20a937c0e0da22061
      size: 417
    - path: src/stage_02_split_data.py
      md5: c368ff081ee72e3cb32e1975829886dd
      size: 1754
    - path: src/utils/all_utils.py
      md5: f375c69281d302fd9ee40d1c92a608cd
      size: 705
    params:
      params.yaml:
        base.random_state: 42
        base.test_size: 0.3
    outs:
    - path: artifacts/split_data_dir/test.csv
      md5: 3a3eef9f920deae72cb9bcd7b91231f1
      size: 28169
    - path: artifacts/split_data_dir/train.csv
      md5: 5e5a3523f0fba3925dc577c3baf2c5cd
      size: 65577
  load_data:
    cmd: python src/stage_01_load_save.py --config=config/config.yaml
    deps:
    - path: config/config.yaml
      md5: 9ca276d743ff95f20a937c0e0da22061
      size: 417
    - path: src/stage_01_load_save.py
      md5: 850e17b6706f53f32c55f5070fee84ab
      size: 1025
    - path: src/utils/all_utils.py
      md5: f375c69281d302fd9ee40d1c92a608cd
      size: 705
    outs:
    - path: artifacts/raw_local_dir/data.csv
      md5: 7d814a1bda02145efe703f4e1c01847a
      size: 93599
  train:
    cmd: python src/stage_03_train.py --config=config/config.yaml --params=params.yaml
    deps:
    - path: artifacts/split_data_dir/test.csv
      md5: 3a3eef9f920deae72cb9bcd7b91231f1
      size: 28169
    - path: artifacts/split_data_dir/train.csv
      md5: 5e5a3523f0fba3925dc577c3baf2c5cd
      size: 65577
    - path: config/config.yaml
      md5: 9ca276d743ff95f20a937c0e0da22061
      size: 417
    - path: src/stage_03_train.py
      md5: 2356dfde5bdf82c0794b6ab08009e4d4
      size: 2140
    - path: src/utils/all_utils.py
      md5: f375c69281d302fd9ee40d1c92a608cd
      size: 705
    params:
      params.yaml:
        base.random_state: 42
        model_params.ElasticNet.alpha: 0.5
        model_params.ElasticNet.l1_ratio: 0.5
    outs:
    - path: artifacts/model_dir/ElasticNet.model
      md5: f12d96f9273ea2e57cf7ac3f9415f8d2
      size: 1316
  evaluate:
    cmd: python src/stage_04_evaluate.py --config=config/config.yaml --params=params.yaml
    deps:
    - path: artifacts/model_dir/ElasticNet.model
      md5: f12d96f9273ea2e57cf7ac3f9415f8d2
      size: 1316
    - path: config/config.yaml
      md5: 9ca276d743ff95f20a937c0e0da22061
      size: 417
    - path: src/stage_04_evaluate.py
      md5: 771bb11bea383281343e46e7ae8f3f6e
      size: 2219
    - path: src/utils/all_utils.py
      md5: f375c69281d302fd9ee40d1c92a608cd
      size: 705
    outs:
    - path: artifacts/reports_dir/scores.json
      md5: fbf57bd962d7ecfce17a7f679f355c1f
      size: 100
